// !$*UTF8*$!
{
	archiveVersion = 1;
	classes = {
	};
	objectVersion = 56;
	objects = {

/* Begin PBXBuildFile section */
		D9B8BB5F2B359E6A00ACB8BD /* Round.swift in Sources */ = {isa = PBXBuildFile; fileRef = D9B8BB5E2B359E6A00ACB8BD /* Round.swift */; };
		D9BECB732B3594F300F89683 /* App.swift in Sources */ = {isa = PBXBuildFile; fileRef = D9BECB722B3594F300F89683 /* App.swift */; };
		D9BECB772B3594F400F89683 /* Assets.xcassets in Resources */ = {isa = PBXBuildFile; fileRef = D9BECB762B3594F400F89683 /* Assets.xcassets */; };
		D9BECB7A2B3594F400F89683 /* Preview Assets.xcassets in Resources */ = {isa = PBXBuildFile; fileRef = D9BECB792B3594F400F89683 /* Preview Assets.xcassets */; };
		D9BECB862B35950200F89683 /* HomeView.swift in Sources */ = {isa = PBXBuildFile; fileRef = D9BECB852B35950200F89683 /* HomeView.swift */; };
		D9BECB912B359A2800F89683 /* ChifoumiTPTests.swift in Sources */ = {isa = PBXBuildFile; fileRef = D9BECB902B359A2800F89683 /* ChifoumiTPTests.swift */; };
		D9BECB982B359A3800F89683 /* ChifumiManager.swift in Sources */ = {isa = PBXBuildFile; fileRef = D9BECB972B359A3800F89683 /* ChifumiManager.swift */; };
		D9BECB992B359B3A00F89683 /* ChifumiManager.swift in Sources */ = {isa = PBXBuildFile; fileRef = D9BECB972B359A3800F89683 /* ChifumiManager.swift */; };
/* End PBXBuildFile section */

/* Begin PBXContainerItemProxy section */
		D9BECB922B359A2800F89683 /* PBXContainerItemProxy */ = {
			isa = PBXContainerItemProxy;
			containerPortal = D9BECB672B3594F300F89683 /* Project object */;
			proxyType = 1;
			remoteGlobalIDString = D9BECB6E2B3594F300F89683;
			remoteInfo = ChifoumiTP;
		};
/* End PBXContainerItemProxy section */

/* Begin PBXFileReference section */
		D9B8BB5E2B359E6A00ACB8BD /* Round.swift */ = {isa = PBXFileReference; lastKnownFileType = sourcecode.swift; path = Round.swift; sourceTree = "<group>"; };
		D9BECB6F2B3594F300F89683 /* ChifoumiTP.app */ = {isa = PBXFileReference; explicitFileType = wrapper.application; includeInIndex = 0; path = ChifoumiTP.app; sourceTree = BUILT_PRODUCTS_DIR; };
		D9BECB722B3594F300F89683 /* App.swift */ = {isa = PBXFileReference; lastKnownFileType = sourcecode.swift; path = App.swift; sourceTree = "<group>"; };
		D9BECB762B3594F400F89683 /* Assets.xcassets */ = {isa = PBXFileReference; lastKnownFileType = folder.assetcatalog; path = Assets.xcassets; sourceTree = "<group>"; };
		D9BECB792B3594F400F89683 /* Preview Assets.xcassets */ = {isa = PBXFileReference; lastKnownFileType = folder.assetcatalog; path = "Preview Assets.xcassets"; sourceTree = "<group>"; };
		D9BECB852B35950200F89683 /* HomeView.swift */ = {isa = PBXFileReference; lastKnownFileType = sourcecode.swift; path = HomeView.swift; sourceTree = "<group>"; };
		D9BECB8E2B359A2800F89683 /* ChifoumiTPTests.xctest */ = {isa = PBXFileReference; explicitFileType = wrapper.cfbundle; includeInIndex = 0; path = ChifoumiTPTests.xctest; sourceTree = BUILT_PRODUCTS_DIR; };
		D9BECB902B359A2800F89683 /* ChifoumiTPTests.swift */ = {isa = PBXFileReference; lastKnownFileType = sourcecode.swift; path = ChifoumiTPTests.swift; sourceTree = "<group>"; };
		D9BECB972B359A3800F89683 /* ChifumiManager.swift */ = {isa = PBXFileReference; lastKnownFileType = sourcecode.swift; path = ChifumiManager.swift; sourceTree = "<group>"; };
/* End PBXFileReference section */

/* Begin PBXFrameworksBuildPhase section */
		D9BECB6C2B3594F300F89683 /* Frameworks */ = {
			isa = PBXFrameworksBuildPhase;
			buildActionMask = 2147483647;
			files = (
			);
			runOnlyForDeploymentPostprocessing = 0;
		};
		D9BECB8B2B359A2800F89683 /* Frameworks */ = {
			isa = PBXFrameworksBuildPhase;
			buildActionMask = 2147483647;
			files = (
			);
			runOnlyForDeploymentPostprocessing = 0;
		};
/* End PBXFrameworksBuildPhase section */

/* Begin PBXGroup section */
		D9BECB662B3594F300F89683 = {
			isa = PBXGroup;
			children = (
				D9BECB712B3594F300F89683 /* ChifoumiTP */,
				D9BECB8F2B359A2800F89683 /* ChifoumiTPTests */,
				D9BECB702B3594F300F89683 /* Products */,
			);
			sourceTree = "<group>";
		};
		D9BECB702B3594F300F89683 /* Products */ = {
			isa = PBXGroup;
			children = (
				D9BECB6F2B3594F300F89683 /* ChifoumiTP.app */,
				D9BECB8E2B359A2800F89683 /* ChifoumiTPTests.xctest */,
			);
			name = Products;
			sourceTree = "<group>";
		};
		D9BECB712B3594F300F89683 /* ChifoumiTP */ = {
			isa = PBXGroup;
			children = (
				D9BECB722B3594F300F89683 /* App.swift */,
				D9BECB852B35950200F89683 /* HomeView.swift */,
				D9BECB972B359A3800F89683 /* ChifumiManager.swift */,
				D9B8BB5E2B359E6A00ACB8BD /* Round.swift */,
				D9BECB762B3594F400F89683 /* Assets.xcassets */,
				D9BECB782B3594F400F89683 /* Preview Content */,
			);
			path = ChifoumiTP;
			sourceTree = "<group>";
		};
		D9BECB782B3594F400F89683 /* Preview Content */ = {
			isa = PBXGroup;
			children = (
				D9BECB792B3594F400F89683 /* Preview Assets.xcassets */,
			);
			path = "Preview Content";
			sourceTree = "<group>";
		};
		D9BECB8F2B359A2800F89683 /* ChifoumiTPTests */ = {
			isa = PBXGroup;
			children = (
				D9BECB902B359A2800F89683 /* ChifoumiTPTests.swift */,
			);
			path = ChifoumiTPTests;
			sourceTree = "<group>";
		};
/* End PBXGroup section */

/* Begin PBXNativeTarget section */
		D9BECB6E2B3594F300F89683 /* ChifoumiTP */ = {
			isa = PBXNativeTarget;
			buildConfigurationList = D9BECB822B3594F400F89683 /* Build configuration list for PBXNativeTarget "ChifoumiTP" */;
			buildPhases = (
				D9BECB6B2B3594F300F89683 /* Sources */,
				D9BECB6C2B3594F300F89683 /* Frameworks */,
				D9BECB6D2B3594F300F89683 /* Resources */,
			);
			buildRules = (
			);
			dependencies = (
			);
			name = ChifoumiTP;
			productName = ChifoumiTP;
			productReference = D9BECB6F2B3594F300F89683 /* ChifoumiTP.app */;
			productType = "com.apple.product-type.application";
		};
		D9BECB8D2B359A2800F89683 /* ChifoumiTPTests */ = {
			isa = PBXNativeTarget;
			buildConfigurationList = D9BECB942B359A2800F89683 /* Build configuration list for PBXNativeTarget "ChifoumiTPTests" */;
			buildPhases = (
				D9BECB8A2B359A2800F89683 /* Sources */,
				D9BECB8B2B359A2800F89683 /* Frameworks */,
				D9BECB8C2B359A2800F89683 /* Resources */,
			);
			buildRules = (
			);
			dependencies = (
				D9BECB932B359A2800F89683 /* PBXTargetDependency */,
			);
			name = ChifoumiTPTests;
			productName = ChifoumiTPTests;
			productReference = D9BECB8E2B359A2800F89683 /* ChifoumiTPTests.xctest */;
			productType = "com.apple.product-type.bundle.unit-test";
		};
/* End PBXNativeTarget section */

/* Begin PBXProject section */
		D9BECB672B3594F300F89683 /* Project object */ = {
			isa = PBXProject;
			attributes = {
				BuildIndependentTargetsInParallel = 1;
				LastSwiftUpdateCheck = 1510;
				LastUpgradeCheck = 1510;
				TargetAttributes = {
					D9BECB6E2B3594F300F89683 = {
						CreatedOnToolsVersion = 15.1;
					};
					D9BECB8D2B359A2800F89683 = {
						CreatedOnToolsVersion = 15.1;
						TestTargetID = D9BECB6E2B3594F300F89683;
					};
				};
			};
			buildConfigurationList = D9BECB6A2B3594F300F89683 /* Build configuration list for PBXProject "ChifoumiTP" */;
			compatibilityVersion = "Xcode 14.0";
			developmentRegion = en;
			hasScannedForEncodings = 0;
			knownRegions = (
				en,
				Base,
			);
			mainGroup = D9BECB662B3594F300F89683;
			productRefGroup = D9BECB702B3594F300F89683 /* Products */;
			projectDirPath = "";
			projectRoot = "";
			targets = (
				D9BECB6E2B3594F300F89683 /* ChifoumiTP */,
				D9BECB8D2B359A2800F89683 /* ChifoumiTPTests */,
			);
		};
/* End PBXProject section */

/* Begin PBXResourcesBuildPhase section */
		D9BECB6D2B3594F300F89683 /* Resources */ = {
			isa = PBXResourcesBuildPhase;
			buildActionMask = 2147483647;
			files = (
				D9BECB7A2B3594F400F89683 /* Preview Assets.xcassets in Resources */,
				D9BECB772B3594F400F89683 /* Assets.xcassets in Resources */,
			);
			runOnlyForDeploymentPostprocessing = 0;
		};
		D9BECB8C2B359A2800F89683 /* Resources */ = {
			isa = PBXResourcesBuildPhase;
			buildActionMask = 2147483647;
			files = (
			);
			runOnlyForDeploymentPostprocessing = 0;
		};
/* End PBXResourcesBuildPhase section */

/* Begin PBXSourcesBuildPhase section */
		D9BECB6B2B3594F300F89683 /* Sources */ = {
			isa = PBXSourcesBuildPhase;
			buildActionMask = 2147483647;
			files = (
				D9BECB982B359A3800F89683 /* ChifumiManager.swift in Sources */,
				D9BECB732B3594F300F89683 /* App.swift in Sources */,
				D9B8BB5F2B359E6A00ACB8BD /* Round.swift in Sources */,
				D9BECB862B35950200F89683 /* HomeView.swift in Sources */,
			);
			runOnlyForDeploymentPostprocessing = 0;
		};
		D9BECB8A2B359A2800F89683 /* Sources */ = {
			isa = PBXSourcesBuildPhase;
			buildActionMask = 2147483647;
			files = (
				D9BECB912B359A2800F89683 /* ChifoumiTPTests.swift in Sources */,
				D9BECB992B359B3A00F89683 /* ChifumiManager.swift in Sources */,
			);
			runOnlyForDeploymentPostprocessing = 0;
		};
/* End PBXSourcesBuildPhase section */

/* Begin PBXTargetDependency section */
		D9BECB932B359A2800F89683 /* PBXTargetDependency */ = {
			isa = PBXTargetDependency;
			target = D9BECB6E2B3594F300F89683 /* ChifoumiTP */;
			targetProxy = D9BECB922B359A2800F89683 /* PBXContainerItemProxy */;
		};
/* End PBXTargetDependency section */

/* Begin XCBuildConfiguration section */
		D9BECB802B3594F400F89683 /* Debug */ = {
			isa = XCBuildConfiguration;
			buildSettings = {
				ALWAYS_SEARCH_USER_PATHS = NO;
				ASSETCATALOG_COMPILER_GENERATE_SWIFT_ASSET_SYMBOL_EXTENSIONS = YES;
				CLANG_ANALYZER_NONNULL = YES;
				CLANG_ANALYZER_NUMBER_OBJECT_CONVERSION = YES_AGGRESSIVE;
				CLANG_CXX_LANGUAGE_STANDARD = "gnu++20";
				CLANG_ENABLE_MODULES = YES;
				CLANG_ENABLE_OBJC_ARC = YES;
				CLANG_ENABLE_OBJC_WEAK = YES;
				CLANG_WARN_BLOCK_CAPTURE_AUTORELEASING = YES;
				CLANG_WARN_BOOL_CONVERSION = YES;
				CLANG_WARN_COMMA = YES;
				CLANG_WARN_CONSTANT_CONVERSION = YES;
				CLANG_WARN_DEPRECATED_OBJC_IMPLEMENTATIONS = YES;
				CLANG_WARN_DIRECT_OBJC_ISA_USAGE = YES_ERROR;
				CLANG_WARN_DOCUMENTATION_COMMENTS = YES;
				CLANG_WARN_EMPTY_BODY = YES;
				CLANG_WARN_ENUM_CONVERSION = YES;
				CLANG_WARN_INFINITE_RECURSION = YES;
				CLANG_WARN_INT_CONVERSION = YES;
				CLANG_WARN_NON_LITERAL_NULL_CONVERSION = YES;
				CLANG_WARN_OBJC_IMPLICIT_RETAIN_SELF = YES;
				CLANG_WARN_OBJC_LITERAL_CONVERSION = YES;
				CLANG_WARN_OBJC_ROOT_CLASS = YES_ERROR;
				CLANG_WARN_QUOTED_INCLUDE_IN_FRAMEWORK_HEADER = YES;
				CLANG_WARN_RANGE_LOOP_ANALYSIS = YES;
				CLANG_WARN_STRICT_PROTOTYPES = YES;
				CLANG_WARN_SUSPICIOUS_MOVE = YES;
				CLANG_WARN_UNGUARDED_AVAILABILITY = YES_AGGRESSIVE;
				CLANG_WARN_UNREACHABLE_CODE = YES;
				CLANG_WARN__DUPLICATE_METHOD_MATCH = YES;
				COPY_PHASE_STRIP = NO;
				DEBUG_INFORMATION_FORMAT = dwarf;
				ENABLE_STRICT_OBJC_MSGSEND = YES;
				ENABLE_TESTABILITY = YES;
				ENABLE_USER_SCRIPT_SANDBOXING = YES;
				GCC_C_LANGUAGE_STANDARD = gnu17;
				GCC_DYNAMIC_NO_PIC = NO;
				GCC_NO_COMMON_BLOCKS = YES;
				GCC_OPTIMIZATION_LEVEL = 0;
				GCC_PREPROCESSOR_DEFINITIONS = (
					"DEBUG=1",
					"$(inherited)",
				);
				GCC_WARN_64_TO_32_BIT_CONVERSION = YES;
				GCC_WARN_ABOUT_RETURN_TYPE = YES_ERROR;
				GCC_WARN_UNDECLARED_SELECTOR = YES;
				GCC_WARN_UNINITIALIZED_AUTOS = YES_AGGRESSIVE;
				GCC_WARN_UNUSED_FUNCTION = YES;
				GCC_WARN_UNUSED_VARIABLE = YES;
				IPHONEOS_DEPLOYMENT_TARGET = 17.2;
				LOCALIZATION_PREFERS_STRING_CATALOGS = YES;
				MTL_ENABLE_DEBUG_INFO = INCLUDE_SOURCE;
				MTL_FAST_MATH = YES;
				ONLY_ACTIVE_ARCH = YES;
				SDKROOT = iphoneos;
				SWIFT_ACTIVE_COMPILATION_CONDITIONS = "DEBUG $(inherited)";
				SWIFT_OPTIMIZATION_LEVEL = "-Onone";
			};
			name = Debug;
		};
		D9BECB812B3594F400F89683 /* Release */ = {
			isa = XCBuildConfiguration;
			buildSettings = {
				ALWAYS_SEARCH_USER_PATHS = NO;
				ASSETCATALOG_COMPILER_GENERATE_SWIFT_ASSET_SYMBOL_EXTENSIONS = YES;
				CLANG_ANALYZER_NONNULL = YES;
				CLANG_ANALYZER_NUMBER_OBJECT_CONVERSION = YES_AGGRESSIVE;
				CLANG_CXX_LANGUAGE_STANDARD = "gnu++20";
				CLANG_ENABLE_MODULES = YES;
				CLANG_ENABLE_OBJC_ARC = YES;
				CLANG_ENABLE_OBJC_WEAK = YES;
				CLANG_WARN_BLOCK_CAPTURE_AUTORELEASING = YES;
				CLANG_WARN_BOOL_CONVERSION = YES;
				CLANG_WARN_COMMA = YES;
				CLANG_WARN_CONSTANT_CONVERSION = YES;
				CLANG_WARN_DEPRECATED_OBJC_IMPLEMENTATIONS = YES;
				CLANG_WARN_DIRECT_OBJC_ISA_USAGE = YES_ERROR;
				CLANG_WARN_DOCUMENTATION_COMMENTS = YES;
				CLANG_WARN_EMPTY_BODY = YES;
				CLANG_WARN_ENUM_CONVERSION = YES;
				CLANG_WARN_INFINITE_RECURSION = YES;
				CLANG_WARN_INT_CONVERSION = YES;
				CLANG_WARN_NON_LITERAL_NULL_CONVERSION = YES;
				CLANG_WARN_OBJC_IMPLICIT_RETAIN_SELF = YES;
				CLANG_WARN_OBJC_LITERAL_CONVERSION = YES;
				CLANG_WARN_OBJC_ROOT_CLASS = YES_ERROR;
				CLANG_WARN_QUOTED_INCLUDE_IN_FRAMEWORK_HEADER = YES;
				CLANG_WARN_RANGE_LOOP_ANALYSIS = YES;
				CLANG_WARN_STRICT_PROTOTYPES = YES;
				CLANG_WARN_SUSPICIOUS_MOVE = YES;
				CLANG_WARN_UNGUARDED_AVAILABILITY = YES_AGGRESSIVE;
				CLANG_WARN_UNREACHABLE_CODE = YES;
				CLANG_WARN__DUPLICATE_METHOD_MATCH = YES;
				COPY_PHASE_STRIP = NO;
				DEBUG_INFORMATION_FORMAT = "dwarf-with-dsym";
				ENABLE_NS_ASSERTIONS = NO;
				ENABLE_STRICT_OBJC_MSGSEND = YES;
				ENABLE_USER_SCRIPT_SANDBOXING = YES;
				GCC_C_LANGUAGE_STANDARD = gnu17;
				GCC_NO_COMMON_BLOCKS = YES;
				GCC_WARN_64_TO_32_BIT_CONVERSION = YES;
				GCC_WARN_ABOUT_RETURN_TYPE = YES_ERROR;
				GCC_WARN_UNDECLARED_SELECTOR = YES;
				GCC_WARN_UNINITIALIZED_AUTOS = YES_AGGRESSIVE;
				GCC_WARN_UNUSED_FUNCTION = YES;
				GCC_WARN_UNUSED_VARIABLE = YES;
				IPHONEOS_DEPLOYMENT_TARGET = 17.2;
				LOCALIZATION_PREFERS_STRING_CATALOGS = YES;
				MTL_ENABLE_DEBUG_INFO = NO;
				MTL_FAST_MATH = YES;
				SDKROOT = iphoneos;
				SWIFT_COMPILATION_MODE = wholemodule;
				VALIDATE_PRODUCT = YES;
			};
			name = Release;
		};
		D9BECB832B3594F400F89683 /* Debug */ = {
			isa = XCBuildConfiguration;
			buildSettings = {
				ASSETCATALOG_COMPILER_APPICON_NAME = AppIcon;
				ASSETCATALOG_COMPILER_GLOBAL_ACCENT_COLOR_NAME = AccentColor;
				CODE_SIGN_STYLE = Automatic;
				CURRENT_PROJECT_VERSION = 1;
				DEVELOPMENT_ASSET_PATHS = "\"ChifoumiTP/Preview Content\"";
				DEVELOPMENT_TEAM = 8TMMB69WBG;
				ENABLE_PREVIEWS = YES;
				GENERATE_INFOPLIST_FILE = YES;
				INFOPLIST_KEY_UIApplicationSceneManifest_Generation = YES;
				INFOPLIST_KEY_UIApplicationSupportsIndirectInputEvents = YES;
				INFOPLIST_KEY_UILaunchScreen_Generation = YES;
				INFOPLIST_KEY_UISupportedInterfaceOrientations_iPad = "UIInterfaceOrientationPortrait UIInterfaceOrientationPortraitUpsideDown UIInterfaceOrientationLandscapeLeft UIInterfaceOrientationLandscapeRight";
				INFOPLIST_KEY_UISupportedInterfaceOrientations_iPhone = "UIInterfaceOrientationPortrait UIInterfaceOrientationLandscapeLeft UIInterfaceOrientationLandscapeRight";
				LD_RUNPATH_SEARCH_PATHS = (
					"$(inherited)",
					"@executable_path/Frameworks",
				);
				MARKETING_VERSION = 1.0;
				PRODUCT_BUNDLE_IDENTIFIER = sementa.com.ChifoumiTP;
				PRODUCT_NAME = "$(TARGET_NAME)";
				SWIFT_EMIT_LOC_STRINGS = YES;
				SWIFT_VERSION = 5.0;
				TARGETED_DEVICE_FAMILY = "1,2";
			};
			name = Debug;
		};
		D9BECB842B3594F400F89683 /* Release */ = {
			isa = XCBuildConfiguration;
			buildSettings = {
				ASSETCATALOG_COMPILER_APPICON_NAME = AppIcon;
				ASSETCATALOG_COMPILER_GLOBAL_ACCENT_COLOR_NAME = AccentColor;
				CODE_SIGN_STYLE = Automatic;
				CURRENT_PROJECT_VERSION = 1;
				DEVELOPMENT_ASSET_PATHS = "\"ChifoumiTP/Preview Content\"";
				DEVELOPMENT_TEAM = 8TMMB69WBG;
				ENABLE_PREVIEWS = YES;
				GENERATE_INFOPLIST_FILE = YES;
				INFOPLIST_KEY_UIApplicationSceneManifest_Generation = YES;
				INFOPLIST_KEY_UIApplicationSupportsIndirectInputEvents = YES;
				INFOPLIST_KEY_UILaunchScreen_Generation = YES;
				INFOPLIST_KEY_UISupportedInterfaceOrientations_iPad = "UIInterfaceOrientationPortrait UIInterfaceOrientationPortraitUpsideDown UIInterfaceOrientationLandscapeLeft UIInterfaceOrientationLandscapeRight";
				INFOPLIST_KEY_UISupportedInterfaceOrientations_iPhone = "UIInterfaceOrientationPortrait UIInterfaceOrientationLandscapeLeft UIInterfaceOrientationLandscapeRight";
				LD_RUNPATH_SEARCH_PATHS = (
					"$(inherited)",
					"@executable_path/Frameworks",
				);
				MARKETING_VERSION = 1.0;
				PRODUCT_BUNDLE_IDENTIFIER = sementa.com.ChifoumiTP;
				PRODUCT_NAME = "$(TARGET_NAME)";
				SWIFT_EMIT_LOC_STRINGS = YES;
				SWIFT_VERSION = 5.0;
				TARGETED_DEVICE_FAMILY = "1,2";
			};
			name = Release;
		};
		D9BECB952B359A2800F89683 /* Debug */ = {
			isa = XCBuildConfiguration;
			buildSettings = {
				BUNDLE_LOADER = "$(TEST_HOST)";
				CODE_SIGN_STYLE = Automatic;
				CURRENT_PROJECT_VERSION = 1;
				DEVELOPMENT_TEAM = 8TMMB69WBG;
				GENERATE_INFOPLIST_FILE = YES;
				MARKETING_VERSION = 1.0;
				PRODUCT_BUNDLE_IDENTIFIER = sementa.com.ChifoumiTPTests;
				PRODUCT_NAME = "$(TARGET_NAME)";
				SWIFT_EMIT_LOC_STRINGS = NO;
				SWIFT_VERSION = 5.0;
				TARGETED_DEVICE_FAMILY = "1,2";
				TEST_HOST = "$(BUILT_PRODUCTS_DIR)/ChifoumiTP.app/$(BUNDLE_EXECUTABLE_FOLDER_PATH)/ChifoumiTP";
			};
			name = Debug;
		};
		D9BECB962B359A2800F89683 /* Release */ = {
			isa = XCBuildConfiguration;
			buildSettings = {
				BUNDLE_LOADER = "$(TEST_HOST)";
				CODE_SIGN_STYLE = Automatic;
				CURRENT_PROJECT_VERSION = 1;
				DEVELOPMENT_TEAM = 8TMMB69WBG;
				GENERATE_INFOPLIST_FILE = YES;
				MARKETING_VERSION = 1.0;
				PRODUCT_BUNDLE_IDENTIFIER = sementa.com.ChifoumiTPTests;
				PRODUCT_NAME = "$(TARGET_NAME)";
				SWIFT_EMIT_LOC_STRINGS = NO;
				SWIFT_VERSION = 5.0;
				TARGETED_DEVICE_FAMILY = "1,2";
				TEST_HOST = "$(BUILT_PRODUCTS_DIR)/ChifoumiTP.app/$(BUNDLE_EXECUTABLE_FOLDER_PATH)/ChifoumiTP";
			};
			name = Release;
		};
/* End XCBuildConfiguration section */

/* Begin XCConfigurationList section */
		D9BECB6A2B3594F300F89683 /* Build configuration list for PBXProject "ChifoumiTP" */ = {
			isa = XCConfigurationList;
			buildConfigurations = (
				D9BECB802B3594F400F89683 /* Debug */,
				D9BECB812B3594F400F89683 /* Release */,
			);
			defaultConfigurationIsVisible = 0;
			defaultConfigurationName = Release;
		};
		D9BECB822B3594F400F89683 /* Build configuration list for PBXNativeTarget "ChifoumiTP" */ = {
			isa = XCConfigurationList;
			buildConfigurations = (
				D9BECB832B3594F400F89683 /* Debug */,
				D9BECB842B3594F400F89683 /* Release */,
			);
			defaultConfigurationIsVisible = 0;
			defaultConfigurationName = Release;
		};
		D9BECB942B359A2800F89683 /* Build configuration list for PBXNativeTarget "ChifoumiTPTests" */ = {
			isa = XCConfigurationList;
			buildConfigurations = (
				D9BECB952B359A2800F89683 /* Debug */,
				D9BECB962B359A2800F89683 /* Release */,
			);
			defaultConfigurationIsVisible = 0;
			defaultConfigurationName = Release;
		};
/* End XCConfigurationList section */
	};
	rootObject = D9BECB672B3594F300F89683 /* Project object */;
}
